
Microsoft Visual Studio Solution File, Format Version 12.00
# Visual Studio Version 16
VisualStudioVersion = 16.0.30611.23
MinimumVisualStudioVersion = 10.0.40219.1
Project("{FAE04EC0-301F-11D3-BF4B-00C04F79EFBC}") = "Szemelyek-Database-Form", "Szemelyek-Database-Form\Szemelyek-Database-Form.csproj", "{DED22076-AA60-478B-9580-56D393C50E6D}"
EndProject
Global
	GlobalSection(SolutionConfigurationPlatforms) = preSolution
		Debug|Any CPU = Debug|Any CPU
		Release|Any CPU = Release|Any CPU
	EndGlobalSection
	GlobalSection(ProjectConfigurationPlatforms) = postSolution
		{DED22076-AA60-478B-9580-56D393C50E6D}.Debug|Any CPU.ActiveCfg = Debug|Any CPU
		{DED22076-AA60-478B-9580-56D393C50E6D}.Debug|Any CPU.Build.0 = Debug|Any CPU
		{DED22076-AA60-478B-9580-56D393C50E6D}.Release|Any CPU.ActiveCfg = Release|Any CPU
		{DED22076-AA60-478B-9580-56D393C50E6D}.Release|Any CPU.Build.0 = Release|Any CPU
	EndGlobalSection
	GlobalSection(SolutionProperties) = preSolution
		HideSolutionNode = FALSE
	EndGlobalSection
	GlobalSection(ExtensibilityGlobals) = postSolution
		SolutionGuid = {DBABE407-54C2-4FD3-9476-429B46683205}
	EndGlobalSection
EndGlobal
